PODS:
  - MaterialComponents/Availability (119.0.0)
  - MaterialComponents/Elevation (119.0.0):
    - MaterialComponents/Availability
    - MaterialComponents/private/Color
    - MaterialComponents/private/Math
  - MaterialComponents/FlexibleHeader (119.0.0):
    - MaterialComponents/Availability
    - MaterialComponents/Elevation
    - "MaterialComponents/FlexibleHeader+ShiftBehavior"
    - "MaterialComponents/FlexibleHeader+ShiftBehaviorEnabledWithStatusBar"
    - MaterialComponents/private/Application
    - MaterialComponents/private/Math
    - MaterialComponents/private/UIMetrics
    - MaterialComponents/ShadowElevations
    - MaterialComponents/ShadowLayer
    - MDFTextAccessibility
  - "MaterialComponents/FlexibleHeader+ShiftBehavior (119.0.0)"
  - "MaterialComponents/FlexibleHeader+ShiftBehaviorEnabledWithStatusBar (119.0.0)":
    - "MaterialComponents/FlexibleHeader+ShiftBehavior"
  - MaterialComponents/private/Application (119.0.0)
  - MaterialComponents/private/Color (119.0.0):
    - MaterialComponents/Availability
  - MaterialComponents/private/Math (119.0.0)
  - MaterialComponents/private/UIMetrics (119.0.0):
    - MaterialComponents/private/Application
  - MaterialComponents/ShadowElevations (119.0.0)
  - MaterialComponents/ShadowLayer (119.0.0):
    - MaterialComponents/ShadowElevations
  - MDFTextAccessibility (2.0.0)
  - NDLog (0.0.6.1):
    - NDLog/Swift (= 0.0.6.1)
  - NDLog/Core (0.0.6.1)
  - NDLog/ObjC (0.0.6.1):
    - NDLog/Core
  - NDLog/Swift (0.0.6.1):
    - NDLog/Core
  - NDMaterialComponentsUtils (0.0.2):
    - NDMaterialComponentsUtils/Swift (= 0.0.2)
  - NDMaterialComponentsUtils/Core (0.0.2)
  - NDMaterialComponentsUtils/FlexibleHeader (0.0.2):
    - MaterialComponents/FlexibleHeader
    - NDLog (~> 0.0.6)
    - NDMaterialComponentsUtils/Core
    - NDUtils/objc (~> 0.0.5)
  - NDMaterialComponentsUtils/ObjC (0.0.2):
    - NDMaterialComponentsUtils/Core
    - NDMaterialComponentsUtils/FlexibleHeader
  - NDMaterialComponentsUtils/Swift (0.0.2):
    - NDMaterialComponentsUtils/ObjC
  - NDUtils/Core (0.0.5)
  - NDUtils/objc (0.0.5):
    - NDLog/ObjC (~> 0.0.6)
    - NDUtils/Core

DEPENDENCIES:
  - NDLog (from `../NDLog`)
  - NDMaterialComponentsUtils (from `.`)
  - NDUtils/objc (from `../NDUtils`)

SPEC REPOS:
  trunk:
    - MaterialComponents
    - MDFTextAccessibility

EXTERNAL SOURCES:
  NDLog:
    :path: "../NDLog"
  NDMaterialComponentsUtils:
    :path: "."
  NDUtils:
    :path: "../NDUtils"

SPEC CHECKSUMS:
  MaterialComponents: 69a725e28406a97816441dea4ec6ec38265a08bb
  MDFTextAccessibility: 85c09a1bd9c321f494348e632a25063bcda35a53
  NDLog: 1e996efb979679f547dcf729a955fe92577ed2c5
  NDMaterialComponentsUtils: 1b5e3a0462568d6a081b63a5b9db764b0cc1e2ea
  NDUtils: 77434f23e14037a6366a7371d359a8c18a571276

PODFILE CHECKSUM: db911ef31ce59b630047d0b242e78c519c81828e

COCOAPODS: 1.9.3
