PODS:
  - MaterialComponents/AnimationTiming (110.0.0)
  - MaterialComponents/AppBar (110.0.0):
    - MaterialComponents/FlexibleHeader
    - MaterialComponents/HeaderStackView
    - MaterialComponents/NavigationBar
    - MaterialComponents/private/Application
    - MaterialComponents/private/Icons/ic_arrow_back
    - MaterialComponents/private/UIMetrics
    - MaterialComponents/ShadowElevations
    - MaterialComponents/ShadowLayer
    - MaterialComponents/Typography
    - MDFInternationalization
  - MaterialComponents/Availability (110.0.0)
  - MaterialComponents/ButtonBar (110.0.0):
    - MaterialComponents/Buttons
    - MaterialComponents/private/Application
    - MDFInternationalization
  - MaterialComponents/Buttons (110.0.0):
    - MaterialComponents/Elevation
    - MaterialComponents/Ink
    - MaterialComponents/private/Math
    - MaterialComponents/Ripple
    - MaterialComponents/ShadowElevations
    - MaterialComponents/ShadowLayer
    - MaterialComponents/ShapeLibrary
    - MaterialComponents/Shapes
    - MaterialComponents/Typography
    - MDFInternationalization
    - MDFTextAccessibility
  - MaterialComponents/Elevation (110.0.0):
    - MaterialComponents/Availability
    - MaterialComponents/private/Color
    - MaterialComponents/private/Math
  - MaterialComponents/FlexibleHeader (110.0.0):
    - MaterialComponents/Availability
    - MaterialComponents/Elevation
    - "MaterialComponents/FlexibleHeader+ShiftBehavior"
    - "MaterialComponents/FlexibleHeader+ShiftBehaviorEnabledWithStatusBar"
    - MaterialComponents/private/Application
    - MaterialComponents/private/Math
    - MaterialComponents/private/UIMetrics
    - MaterialComponents/ShadowElevations
    - MaterialComponents/ShadowLayer
    - MDFTextAccessibility
  - "MaterialComponents/FlexibleHeader+ShiftBehavior (110.0.0)"
  - "MaterialComponents/FlexibleHeader+ShiftBehaviorEnabledWithStatusBar (110.0.0)":
    - "MaterialComponents/FlexibleHeader+ShiftBehavior"
  - MaterialComponents/HeaderStackView (110.0.0)
  - MaterialComponents/Ink (110.0.0):
    - MaterialComponents/Availability
    - MaterialComponents/private/Color
    - MaterialComponents/private/Math
  - MaterialComponents/NavigationBar (110.0.0):
    - MaterialComponents/ButtonBar
    - MaterialComponents/Elevation
    - MaterialComponents/private/Math
    - MaterialComponents/Typography
    - MDFInternationalization
    - MDFTextAccessibility
  - MaterialComponents/private/Application (110.0.0)
  - MaterialComponents/private/Color (110.0.0):
    - MaterialComponents/Availability
  - MaterialComponents/private/Icons/Base (110.0.0)
  - MaterialComponents/private/Icons/ic_arrow_back (110.0.0):
    - MaterialComponents/private/Icons/Base
  - MaterialComponents/private/Math (110.0.0)
  - MaterialComponents/private/UIMetrics (110.0.0):
    - MaterialComponents/private/Application
  - MaterialComponents/Ripple (110.0.0):
    - MaterialComponents/AnimationTiming
    - MaterialComponents/Availability
    - MaterialComponents/private/Color
    - MaterialComponents/private/Math
  - MaterialComponents/ShadowElevations (110.0.0)
  - MaterialComponents/ShadowLayer (110.0.0):
    - MaterialComponents/ShadowElevations
  - MaterialComponents/ShapeLibrary (110.0.0):
    - MaterialComponents/private/Math
    - MaterialComponents/Shapes
  - MaterialComponents/Shapes (110.0.0):
    - MaterialComponents/private/Color
    - MaterialComponents/private/Math
    - MaterialComponents/ShadowLayer
  - MaterialComponents/Typography (110.0.0):
    - MaterialComponents/private/Application
    - MaterialComponents/private/Math
    - MDFTextAccessibility
  - MDFInternationalization (2.0.0)
  - MDFTextAccessibility (2.0.0)
  - NDLog (0.0.5)
  - NDUtils/Core (0.0.4.1)
  - NDUtils/objc (0.0.4.1):
    - NDLog (~> 0.0.5)
    - NDUtils/Core

DEPENDENCIES:
  - MaterialComponents/AppBar
  - NDLog (from `../NDLog`)
  - NDUtils/objc (from `../NDUtils`)

SPEC REPOS:
  trunk:
    - MaterialComponents
    - MDFInternationalization
    - MDFTextAccessibility

EXTERNAL SOURCES:
  NDLog:
    :path: "../NDLog"
  NDUtils:
    :path: "../NDUtils"

SPEC CHECKSUMS:
  MaterialComponents: 8de2f7a102ae37bf276a558ac88086780f6d1b5f
  MDFInternationalization: 010097556d6b09d2c4ea38e0820ea6d37be6a314
  MDFTextAccessibility: 85c09a1bd9c321f494348e632a25063bcda35a53
  NDLog: 2d478a5bc74f17ee56fea08adb6dacdaa36a07e6
  NDUtils: 071967534549cb07e0122a53af462e4a5d6da124

PODFILE CHECKSUM: b133981bbc9afca9c8d79a580327c0c773311849

COCOAPODS: 1.9.3
